
Microsoft Visual Studio Solution File, Format Version 12.00
# Visual Studio Version 17
VisualStudioVersion = 17.0.31611.283
MinimumVisualStudioVersion = 10.0.40219.1
Project("{9A19103F-16F7-4668-BE54-9A1E7A4F7556}") = "MauiCSharpInteropWebView", "MauiCSharpInteropWebView\MauiCSharpInteropWebView.csproj", "{24B5FBC5-648A-4A91-8F7F-004DA9EDDF26}"
EndProject
Project("{9A19103F-16F7-4668-BE54-9A1E7A4F7556}") = "HybridWebView", "HybridWebView\HybridWebView.csproj", "{26622B8F-47C1-479C-828B-7E0434DB5E87}"
EndProject
Project("{FAE04EC0-301F-11D3-BF4B-00C04F79EFBC}") = "MauiReactJSHybridApp", "MauiReactJSHybridApp\MauiReactJSHybridApp.csproj", "{9B164FED-BBE0-4E85-957D-7DEC74C6C792}"
EndProject
Project("{2150E333-8FDC-42A3-9474-1A3956D46DE8}") = "Solution Items", "Solution Items", "{985C1BD2-E6D9-445E-B6C4-475AF0515D52}"
	ProjectSection(SolutionItems) = preProject
		LICENSE = LICENSE
		README.md = README.md
	EndProjectSection
EndProject
Global
	GlobalSection(SolutionConfigurationPlatforms) = preSolution
		Debug|Any CPU = Debug|Any CPU
		Release|Any CPU = Release|Any CPU
	EndGlobalSection
	GlobalSection(ProjectConfigurationPlatforms) = postSolution
		{24B5FBC5-648A-4A91-8F7F-004DA9EDDF26}.Debug|Any CPU.ActiveCfg = Debug|Any CPU
		{24B5FBC5-648A-4A91-8F7F-004DA9EDDF26}.Debug|Any CPU.Build.0 = Debug|Any CPU
		{24B5FBC5-648A-4A91-8F7F-004DA9EDDF26}.Debug|Any CPU.Deploy.0 = Debug|Any CPU
		{24B5FBC5-648A-4A91-8F7F-004DA9EDDF26}.Release|Any CPU.ActiveCfg = Release|Any CPU
		{24B5FBC5-648A-4A91-8F7F-004DA9EDDF26}.Release|Any CPU.Build.0 = Release|Any CPU
		{24B5FBC5-648A-4A91-8F7F-004DA9EDDF26}.Release|Any CPU.Deploy.0 = Release|Any CPU
		{26622B8F-47C1-479C-828B-7E0434DB5E87}.Debug|Any CPU.ActiveCfg = Debug|Any CPU
		{26622B8F-47C1-479C-828B-7E0434DB5E87}.Debug|Any CPU.Build.0 = Debug|Any CPU
		{26622B8F-47C1-479C-828B-7E0434DB5E87}.Release|Any CPU.ActiveCfg = Release|Any CPU
		{26622B8F-47C1-479C-828B-7E0434DB5E87}.Release|Any CPU.Build.0 = Release|Any CPU
		{9B164FED-BBE0-4E85-957D-7DEC74C6C792}.Debug|Any CPU.ActiveCfg = Debug|Any CPU
		{9B164FED-BBE0-4E85-957D-7DEC74C6C792}.Debug|Any CPU.Build.0 = Debug|Any CPU
		{9B164FED-BBE0-4E85-957D-7DEC74C6C792}.Debug|Any CPU.Deploy.0 = Debug|Any CPU
		{9B164FED-BBE0-4E85-957D-7DEC74C6C792}.Release|Any CPU.ActiveCfg = Release|Any CPU
		{9B164FED-BBE0-4E85-957D-7DEC74C6C792}.Release|Any CPU.Build.0 = Release|Any CPU
		{9B164FED-BBE0-4E85-957D-7DEC74C6C792}.Release|Any CPU.Deploy.0 = Release|Any CPU
	EndGlobalSection
	GlobalSection(SolutionProperties) = preSolution
		HideSolutionNode = FALSE
	EndGlobalSection
	GlobalSection(ExtensibilityGlobals) = postSolution
		SolutionGuid = {61F7FB11-1E47-470C-91E2-47F8143E1572}
	EndGlobalSection
EndGlobal
